// !$*UTF8*$!
{
	archiveVersion = 1;
	classes = {
	};
	objectVersion = 50;
	objects = {

/* Begin PBXBuildFile section */
		692AB87D253177FA0063B559 /* loader.gif in Resources */ = {isa = PBXBuildFile; fileRef = 692AB87C253177FA0063B559 /* loader.gif */; };
		698B79A6252E005500BBE412 /* fatal.html in Resources */ = {isa = PBXBuildFile; fileRef = 698B7999252E005400BBE412 /* fatal.html */; };
		698B79A7252E005500BBE412 /* icon_disabled.png in Resources */ = {isa = PBXBuildFile; fileRef = 698B799A252E005400BBE412 /* icon_disabled.png */; };
		698B79A8252E005500BBE412 /* icon_blocked.png in Resources */ = {isa = PBXBuildFile; fileRef = 698B799B252E005400BBE412 /* icon_blocked.png */; };
		698B79A9252E005500BBE412 /* popup.js in Resources */ = {isa = PBXBuildFile; fileRef = 698B799C252E005400BBE412 /* popup.js */; };
		698B79AA252E005500BBE412 /* status.html in Resources */ = {isa = PBXBuildFile; fileRef = 698B799D252E005400BBE412 /* status.html */; };
		698B79AB252E005500BBE412 /* icon-128.png in Resources */ = {isa = PBXBuildFile; fileRef = 698B799E252E005400BBE412 /* icon-128.png */; };
		698B79AC252E005500BBE412 /* icon.png in Resources */ = {isa = PBXBuildFile; fileRef = 698B799F252E005400BBE412 /* icon.png */; };
		698B79AD252E005500BBE412 /* bg.js in Resources */ = {isa = PBXBuildFile; fileRef = 698B79A0252E005400BBE412 /* bg.js */; };
		698B79AE252E005500BBE412 /* disabled.html in Resources */ = {isa = PBXBuildFile; fileRef = 698B79A1252E005400BBE412 /* disabled.html */; };
		698B79AF252E005500BBE412 /* background.html in Resources */ = {isa = PBXBuildFile; fileRef = 698B79A2252E005500BBE412 /* background.html */; };
		698B79B0252E005500BBE412 /* contentscript.js in Resources */ = {isa = PBXBuildFile; fileRef = 698B79A3252E005500BBE412 /* contentscript.js */; };
		698B79B1252E005500BBE412 /* manifest.json in Resources */ = {isa = PBXBuildFile; fileRef = 698B79A4252E005500BBE412 /* manifest.json */; };
		698B79B2252E005500BBE412 /* styles.css in Resources */ = {isa = PBXBuildFile; fileRef = 698B79A5252E005500BBE412 /* styles.css */; };
		699BEFCD252D472F00598190 /* AppDelegate.swift in Sources */ = {isa = PBXBuildFile; fileRef = 699BEFCC252D472F00598190 /* AppDelegate.swift */; };
		699BEFD0252D472F00598190 /* Main.storyboard in Resources */ = {isa = PBXBuildFile; fileRef = 699BEFCE252D472F00598190 /* Main.storyboard */; };
		699BEFD2252D472F00598190 /* ViewController.swift in Sources */ = {isa = PBXBuildFile; fileRef = 699BEFD1252D472F00598190 /* ViewController.swift */; };
		699BEFD4252D473100598190 /* Assets.xcassets in Resources */ = {isa = PBXBuildFile; fileRef = 699BEFD3252D473100598190 /* Assets.xcassets */; };
		699BEFDB252D473100598190 /* XDM Browser Monitor Extension.appex in Embed App Extensions */ = {isa = PBXBuildFile; fileRef = 699BEFDA252D473100598190 /* XDM Browser Monitor Extension.appex */; settings = {ATTRIBUTES = (RemoveHeadersOnCopy, ); }; };
		699BEFE0252D473100598190 /* Cocoa.framework in Frameworks */ = {isa = PBXBuildFile; fileRef = 699BEFDF252D473100598190 /* Cocoa.framework */; };
		699BEFE3252D473100598190 /* SafariWebExtensionHandler.swift in Sources */ = {isa = PBXBuildFile; fileRef = 699BEFE2252D473100598190 /* SafariWebExtensionHandler.swift */; };
/* End PBXBuildFile section */

/* Begin PBXContainerItemProxy section */
		699BEFDC252D473100598190 /* PBXContainerItemProxy */ = {
			isa = PBXContainerItemProxy;
			containerPortal = 699BEFC0252D472F00598190 /* Project object */;
			proxyType = 1;
			remoteGlobalIDString = 699BEFD9252D473100598190;
			remoteInfo = "XDM Browser Monitor Extension";
		};
/* End PBXContainerItemProxy section */

/* Begin PBXCopyFilesBuildPhase section */
		699BEFEB252D473100598190 /* Embed App Extensions */ = {
			isa = PBXCopyFilesBuildPhase;
			buildActionMask = 2147483647;
			dstPath = "";
			dstSubfolderSpec = 13;
			files = (
				699BEFDB252D473100598190 /* XDM Browser Monitor Extension.appex in Embed App Extensions */,
			);
			name = "Embed App Extensions";
			runOnlyForDeploymentPostprocessing = 0;
		};
/* End PBXCopyFilesBuildPhase section */

/* Begin PBXFileReference section */
		692AB87C253177FA0063B559 /* loader.gif */ = {isa = PBXFileReference; lastKnownFileType = image.gif; path = loader.gif; sourceTree = "<group>"; };
		698B7999252E005400BBE412 /* fatal.html */ = {isa = PBXFileReference; fileEncoding = 4; lastKnownFileType = text.html; path = fatal.html; sourceTree = "<group>"; };
		698B799A252E005400BBE412 /* icon_disabled.png */ = {isa = PBXFileReference; lastKnownFileType = image.png; path = icon_disabled.png; sourceTree = "<group>"; };
		698B799B252E005400BBE412 /* icon_blocked.png */ = {isa = PBXFileReference; lastKnownFileType = image.png; path = icon_blocked.png; sourceTree = "<group>"; };
		698B799C252E005400BBE412 /* popup.js */ = {isa = PBXFileReference; fileEncoding = 4; lastKnownFileType = sourcecode.javascript; path = popup.js; sourceTree = "<group>"; };
		698B799D252E005400BBE412 /* status.html */ = {isa = PBXFileReference; fileEncoding = 4; lastKnownFileType = text.html; path = status.html; sourceTree = "<group>"; };
		698B799E252E005400BBE412 /* icon-128.png */ = {isa = PBXFileReference; lastKnownFileType = image.png; path = "icon-128.png"; sourceTree = "<group>"; };
		698B799F252E005400BBE412 /* icon.png */ = {isa = PBXFileReference; lastKnownFileType = image.png; path = icon.png; sourceTree = "<group>"; };
		698B79A0252E005400BBE412 /* bg.js */ = {isa = PBXFileReference; fileEncoding = 4; lastKnownFileType = sourcecode.javascript; path = bg.js; sourceTree = "<group>"; };
		698B79A1252E005400BBE412 /* disabled.html */ = {isa = PBXFileReference; fileEncoding = 4; lastKnownFileType = text.html; path = disabled.html; sourceTree = "<group>"; };
		698B79A2252E005500BBE412 /* background.html */ = {isa = PBXFileReference; fileEncoding = 4; lastKnownFileType = text.html; path = background.html; sourceTree = "<group>"; };
		698B79A3252E005500BBE412 /* contentscript.js */ = {isa = PBXFileReference; fileEncoding = 4; lastKnownFileType = sourcecode.javascript; path = contentscript.js; sourceTree = "<group>"; };
		698B79A4252E005500BBE412 /* manifest.json */ = {isa = PBXFileReference; fileEncoding = 4; lastKnownFileType = text.json; path = manifest.json; sourceTree = "<group>"; };
		698B79A5252E005500BBE412 /* styles.css */ = {isa = PBXFileReference; fileEncoding = 4; lastKnownFileType = text.css; path = styles.css; sourceTree = "<group>"; };
		699BEFC8252D472F00598190 /* XDM Browser Monitor.app */ = {isa = PBXFileReference; explicitFileType = wrapper.application; includeInIndex = 0; path = "XDM Browser Monitor.app"; sourceTree = BUILT_PRODUCTS_DIR; };
		699BEFCB252D472F00598190 /* XDM_Browser_Monitor.entitlements */ = {isa = PBXFileReference; lastKnownFileType = text.plist.entitlements; path = XDM_Browser_Monitor.entitlements; sourceTree = "<group>"; };
		699BEFCC252D472F00598190 /* AppDelegate.swift */ = {isa = PBXFileReference; lastKnownFileType = sourcecode.swift; path = AppDelegate.swift; sourceTree = "<group>"; };
		699BEFCF252D472F00598190 /* Base */ = {isa = PBXFileReference; lastKnownFileType = file.storyboard; name = Base; path = Base.lproj/Main.storyboard; sourceTree = "<group>"; };
		699BEFD1252D472F00598190 /* ViewController.swift */ = {isa = PBXFileReference; lastKnownFileType = sourcecode.swift; path = ViewController.swift; sourceTree = "<group>"; };
		699BEFD3252D473100598190 /* Assets.xcassets */ = {isa = PBXFileReference; lastKnownFileType = folder.assetcatalog; path = Assets.xcassets; sourceTree = "<group>"; };
		699BEFD5252D473100598190 /* Info.plist */ = {isa = PBXFileReference; lastKnownFileType = text.plist.xml; path = Info.plist; sourceTree = "<group>"; };
		699BEFDA252D473100598190 /* XDM Browser Monitor Extension.appex */ = {isa = PBXFileReference; explicitFileType = "wrapper.app-extension"; includeInIndex = 0; path = "XDM Browser Monitor Extension.appex"; sourceTree = BUILT_PRODUCTS_DIR; };
		699BEFDF252D473100598190 /* Cocoa.framework */ = {isa = PBXFileReference; lastKnownFileType = wrapper.framework; name = Cocoa.framework; path = System/Library/Frameworks/Cocoa.framework; sourceTree = SDKROOT; };
		699BEFE2252D473100598190 /* SafariWebExtensionHandler.swift */ = {isa = PBXFileReference; lastKnownFileType = sourcecode.swift; path = SafariWebExtensionHandler.swift; sourceTree = "<group>"; };
		699BEFE4252D473100598190 /* Info.plist */ = {isa = PBXFileReference; lastKnownFileType = text.plist.xml; path = Info.plist; sourceTree = "<group>"; };
		699BEFE5252D473100598190 /* XDM_Browser_Monitor_Extension.entitlements */ = {isa = PBXFileReference; lastKnownFileType = text.plist.entitlements; path = XDM_Browser_Monitor_Extension.entitlements; sourceTree = "<group>"; };
/* End PBXFileReference section */

/* Begin PBXFrameworksBuildPhase section */
		699BEFC5252D472F00598190 /* Frameworks */ = {
			isa = PBXFrameworksBuildPhase;
			buildActionMask = 2147483647;
			files = (
			);
			runOnlyForDeploymentPostprocessing = 0;
		};
		699BEFD7252D473100598190 /* Frameworks */ = {
			isa = PBXFrameworksBuildPhase;
			buildActionMask = 2147483647;
			files = (
				699BEFE0252D473100598190 /* Cocoa.framework in Frameworks */,
			);
			runOnlyForDeploymentPostprocessing = 0;
		};
/* End PBXFrameworksBuildPhase section */

/* Begin PBXGroup section */
		6941029D252E00C5008F250F /* Resources */ = {
			isa = PBXGroup;
			children = (
				692AB87C253177FA0063B559 /* loader.gif */,
				698B79A2252E005500BBE412 /* background.html */,
				698B79A0252E005400BBE412 /* bg.js */,
				698B79A3252E005500BBE412 /* contentscript.js */,
				698B79A1252E005400BBE412 /* disabled.html */,
				698B7999252E005400BBE412 /* fatal.html */,
				698B799B252E005400BBE412 /* icon_blocked.png */,
				698B799A252E005400BBE412 /* icon_disabled.png */,
				698B799E252E005400BBE412 /* icon-128.png */,
				698B799F252E005400BBE412 /* icon.png */,
				698B79A4252E005500BBE412 /* manifest.json */,
				698B799C252E005400BBE412 /* popup.js */,
				698B799D252E005400BBE412 /* status.html */,
				698B79A5252E005500BBE412 /* styles.css */,
			);
			path = Resources;
			sourceTree = "<group>";
		};
		699BEFBF252D472E00598190 = {
			isa = PBXGroup;
			children = (
				699BEFCA252D472F00598190 /* XDM Browser Monitor */,
				699BEFE1252D473100598190 /* XDM Browser Monitor Extension */,
				699BEFDE252D473100598190 /* Frameworks */,
				699BEFC9252D472F00598190 /* Products */,
			);
			sourceTree = "<group>";
		};
		699BEFC9252D472F00598190 /* Products */ = {
			isa = PBXGroup;
			children = (
				699BEFC8252D472F00598190 /* XDM Browser Monitor.app */,
				699BEFDA252D473100598190 /* XDM Browser Monitor Extension.appex */,
			);
			name = Products;
			sourceTree = "<group>";
		};
		699BEFCA252D472F00598190 /* XDM Browser Monitor */ = {
			isa = PBXGroup;
			children = (
				699BEFCB252D472F00598190 /* XDM_Browser_Monitor.entitlements */,
				699BEFCC252D472F00598190 /* AppDelegate.swift */,
				699BEFCE252D472F00598190 /* Main.storyboard */,
				699BEFD1252D472F00598190 /* ViewController.swift */,
				699BEFD3252D473100598190 /* Assets.xcassets */,
				699BEFD5252D473100598190 /* Info.plist */,
			);
			path = "XDM Browser Monitor";
			sourceTree = "<group>";
		};
		699BEFDE252D473100598190 /* Frameworks */ = {
			isa = PBXGroup;
			children = (
				699BEFDF252D473100598190 /* Cocoa.framework */,
			);
			name = Frameworks;
			sourceTree = "<group>";
		};
		699BEFE1252D473100598190 /* XDM Browser Monitor Extension */ = {
			isa = PBXGroup;
			children = (
				6941029D252E00C5008F250F /* Resources */,
				699BEFE2252D473100598190 /* SafariWebExtensionHandler.swift */,
				699BEFE4252D473100598190 /* Info.plist */,
				699BEFE5252D473100598190 /* XDM_Browser_Monitor_Extension.entitlements */,
			);
			path = "XDM Browser Monitor Extension";
			sourceTree = "<group>";
		};
/* End PBXGroup section */

/* Begin PBXNativeTarget section */
		699BEFC7252D472F00598190 /* XDM Browser Monitor */ = {
			isa = PBXNativeTarget;
			buildConfigurationList = 699BEFEC252D473100598190 /* Build configuration list for PBXNativeTarget "XDM Browser Monitor" */;
			buildPhases = (
				699BEFC4252D472F00598190 /* Sources */,
				699BEFC5252D472F00598190 /* Frameworks */,
				699BEFC6252D472F00598190 /* Resources */,
				699BEFEB252D473100598190 /* Embed App Extensions */,
			);
			buildRules = (
			);
			dependencies = (
				699BEFDD252D473100598190 /* PBXTargetDependency */,
			);
			name = "XDM Browser Monitor";
			productName = "XDM Browser Monitor";
			productReference = 699BEFC8252D472F00598190 /* XDM Browser Monitor.app */;
			productType = "com.apple.product-type.application";
		};
		699BEFD9252D473100598190 /* XDM Browser Monitor Extension */ = {
			isa = PBXNativeTarget;
			buildConfigurationList = 699BEFE8252D473100598190 /* Build configuration list for PBXNativeTarget "XDM Browser Monitor Extension" */;
			buildPhases = (
				699BEFD6252D473100598190 /* Sources */,
				699BEFD7252D473100598190 /* Frameworks */,
				699BEFD8252D473100598190 /* Resources */,
			);
			buildRules = (
			);
			dependencies = (
			);
			name = "XDM Browser Monitor Extension";
			productName = "XDM Browser Monitor Extension";
			productReference = 699BEFDA252D473100598190 /* XDM Browser Monitor Extension.appex */;
			productType = "com.apple.product-type.app-extension";
		};
/* End PBXNativeTarget section */

/* Begin PBXProject section */
		699BEFC0252D472F00598190 /* Project object */ = {
			isa = PBXProject;
			attributes = {
				LastSwiftUpdateCheck = 1220;
				LastUpgradeCheck = 1230;
				TargetAttributes = {
					699BEFC7252D472F00598190 = {
						CreatedOnToolsVersion = 12.2;
					};
					699BEFD9252D473100598190 = {
						CreatedOnToolsVersion = 12.2;
					};
				};
			};
			buildConfigurationList = 699BEFC3252D472F00598190 /* Build configuration list for PBXProject "XDM Browser Monitor" */;
			compatibilityVersion = "Xcode 9.3";
			developmentRegion = en;
			hasScannedForEncodings = 0;
			knownRegions = (
				en,
				Base,
			);
			mainGroup = 699BEFBF252D472E00598190;
			productRefGroup = 699BEFC9252D472F00598190 /* Products */;
			projectDirPath = "";
			projectRoot = "";
			targets = (
				699BEFC7252D472F00598190 /* XDM Browser Monitor */,
				699BEFD9252D473100598190 /* XDM Browser Monitor Extension */,
			);
		};
/* End PBXProject section */

/* Begin PBXResourcesBuildPhase section */
		699BEFC6252D472F00598190 /* Resources */ = {
			isa = PBXResourcesBuildPhase;
			buildActionMask = 2147483647;
			files = (
				699BEFD4252D473100598190 /* Assets.xcassets in Resources */,
				699BEFD0252D472F00598190 /* Main.storyboard in Resources */,
			);
			runOnlyForDeploymentPostprocessing = 0;
		};
		699BEFD8252D473100598190 /* Resources */ = {
			isa = PBXResourcesBuildPhase;
			buildActionMask = 2147483647;
			files = (
				698B79A7252E005500BBE412 /* icon_disabled.png in Resources */,
				698B79AD252E005500BBE412 /* bg.js in Resources */,
				698B79AC252E005500BBE412 /* icon.png in Resources */,
				698B79A8252E005500BBE412 /* icon_blocked.png in Resources */,
				698B79B2252E005500BBE412 /* styles.css in Resources */,
				698B79B1252E005500BBE412 /* manifest.json in Resources */,
				698B79AE252E005500BBE412 /* disabled.html in Resources */,
				698B79AB252E005500BBE412 /* icon-128.png in Resources */,
				698B79A6252E005500BBE412 /* fatal.html in Resources */,
				698B79A9252E005500BBE412 /* popup.js in Resources */,
				698B79B0252E005500BBE412 /* contentscript.js in Resources */,
				692AB87D253177FA0063B559 /* loader.gif in Resources */,
				698B79AF252E005500BBE412 /* background.html in Resources */,
				698B79AA252E005500BBE412 /* status.html in Resources */,
			);
			runOnlyForDeploymentPostprocessing = 0;
		};
/* End PBXResourcesBuildPhase section */

/* Begin PBXSourcesBuildPhase section */
		699BEFC4252D472F00598190 /* Sources */ = {
			isa = PBXSourcesBuildPhase;
			buildActionMask = 2147483647;
			files = (
				699BEFD2252D472F00598190 /* ViewController.swift in Sources */,
				699BEFCD252D472F00598190 /* AppDelegate.swift in Sources */,
			);
			runOnlyForDeploymentPostprocessing = 0;
		};
		699BEFD6252D473100598190 /* Sources */ = {
			isa = PBXSourcesBuildPhase;
			buildActionMask = 2147483647;
			files = (
				699BEFE3252D473100598190 /* SafariWebExtensionHandler.swift in Sources */,
			);
			runOnlyForDeploymentPostprocessing = 0;
		};
/* End PBXSourcesBuildPhase section */

/* Begin PBXTargetDependency section */
		699BEFDD252D473100598190 /* PBXTargetDependency */ = {
			isa = PBXTargetDependency;
			target = 699BEFD9252D473100598190 /* XDM Browser Monitor Extension */;
			targetProxy = 699BEFDC252D473100598190 /* PBXContainerItemProxy */;
		};
/* End PBXTargetDependency section */

/* Begin PBXVariantGroup section */
		699BEFCE252D472F00598190 /* Main.storyboard */ = {
			isa = PBXVariantGroup;
			children = (
				699BEFCF252D472F00598190 /* Base */,
			);
			name = Main.storyboard;
			sourceTree = "<group>";
		};
/* End PBXVariantGroup section */

/* Begin XCBuildConfiguration section */
		699BEFE6252D473100598190 /* Debug */ = {
			isa = XCBuildConfiguration;
			buildSettings = {
				ALWAYS_SEARCH_USER_PATHS = NO;
				CLANG_ANALYZER_NONNULL = YES;
				CLANG_ANALYZER_NUMBER_OBJECT_CONVERSION = YES_AGGRESSIVE;
				CLANG_CXX_LANGUAGE_STANDARD = "gnu++14";
				CLANG_CXX_LIBRARY = "libc++";
				CLANG_ENABLE_MODULES = YES;
				CLANG_ENABLE_OBJC_ARC = YES;
				CLANG_ENABLE_OBJC_WEAK = YES;
				CLANG_WARN_BLOCK_CAPTURE_AUTORELEASING = YES;
				CLANG_WARN_BOOL_CONVERSION = YES;
				CLANG_WARN_COMMA = YES;
				CLANG_WARN_CONSTANT_CONVERSION = YES;
				CLANG_WARN_DEPRECATED_OBJC_IMPLEMENTATIONS = YES;
				CLANG_WARN_DIRECT_OBJC_ISA_USAGE = YES_ERROR;
				CLANG_WARN_DOCUMENTATION_COMMENTS = YES;
				CLANG_WARN_EMPTY_BODY = YES;
				CLANG_WARN_ENUM_CONVERSION = YES;
				CLANG_WARN_INFINITE_RECURSION = YES;
				CLANG_WARN_INT_CONVERSION = YES;
				CLANG_WARN_NON_LITERAL_NULL_CONVERSION = YES;
				CLANG_WARN_OBJC_IMPLICIT_RETAIN_SELF = YES;
				CLANG_WARN_OBJC_LITERAL_CONVERSION = YES;
				CLANG_WARN_OBJC_ROOT_CLASS = YES_ERROR;
				CLANG_WARN_QUOTED_INCLUDE_IN_FRAMEWORK_HEADER = YES;
				CLANG_WARN_RANGE_LOOP_ANALYSIS = YES;
				CLANG_WARN_STRICT_PROTOTYPES = YES;
				CLANG_WARN_SUSPICIOUS_MOVE = YES;
				CLANG_WARN_UNGUARDED_AVAILABILITY = YES_AGGRESSIVE;
				CLANG_WARN_UNREACHABLE_CODE = YES;
				CLANG_WARN__DUPLICATE_METHOD_MATCH = YES;
				COPY_PHASE_STRIP = NO;
				DEBUG_INFORMATION_FORMAT = dwarf;
				ENABLE_STRICT_OBJC_MSGSEND = YES;
				ENABLE_TESTABILITY = YES;
				GCC_C_LANGUAGE_STANDARD = gnu11;
				GCC_DYNAMIC_NO_PIC = NO;
				GCC_NO_COMMON_BLOCKS = YES;
				GCC_OPTIMIZATION_LEVEL = 0;
				GCC_PREPROCESSOR_DEFINITIONS = (
					"DEBUG=1",
					"$(inherited)",
				);
				GCC_WARN_64_TO_32_BIT_CONVERSION = YES;
				GCC_WARN_ABOUT_RETURN_TYPE = YES_ERROR;
				GCC_WARN_UNDECLARED_SELECTOR = YES;
				GCC_WARN_UNINITIALIZED_AUTOS = YES_AGGRESSIVE;
				GCC_WARN_UNUSED_FUNCTION = YES;
				GCC_WARN_UNUSED_VARIABLE = YES;
				MACOSX_DEPLOYMENT_TARGET = 10.15;
				MTL_ENABLE_DEBUG_INFO = INCLUDE_SOURCE;
				MTL_FAST_MATH = YES;
				ONLY_ACTIVE_ARCH = YES;
				SDKROOT = macosx;
				SWIFT_ACTIVE_COMPILATION_CONDITIONS = DEBUG;
				SWIFT_OPTIMIZATION_LEVEL = "-Onone";
			};
			name = Debug;
		};
		699BEFE7252D473100598190 /* Release */ = {
			isa = XCBuildConfiguration;
			buildSettings = {
				ALWAYS_SEARCH_USER_PATHS = NO;
				CLANG_ANALYZER_NONNULL = YES;
				CLANG_ANALYZER_NUMBER_OBJECT_CONVERSION = YES_AGGRESSIVE;
				CLANG_CXX_LANGUAGE_STANDARD = "gnu++14";
				CLANG_CXX_LIBRARY = "libc++";
				CLANG_ENABLE_MODULES = YES;
				CLANG_ENABLE_OBJC_ARC = YES;
				CLANG_ENABLE_OBJC_WEAK = YES;
				CLANG_WARN_BLOCK_CAPTURE_AUTORELEASING = YES;
				CLANG_WARN_BOOL_CONVERSION = YES;
				CLANG_WARN_COMMA = YES;
				CLANG_WARN_CONSTANT_CONVERSION = YES;
				CLANG_WARN_DEPRECATED_OBJC_IMPLEMENTATIONS = YES;
				CLANG_WARN_DIRECT_OBJC_ISA_USAGE = YES_ERROR;
				CLANG_WARN_DOCUMENTATION_COMMENTS = YES;
				CLANG_WARN_EMPTY_BODY = YES;
				CLANG_WARN_ENUM_CONVERSION = YES;
				CLANG_WARN_INFINITE_RECURSION = YES;
				CLANG_WARN_INT_CONVERSION = YES;
				CLANG_WARN_NON_LITERAL_NULL_CONVERSION = YES;
				CLANG_WARN_OBJC_IMPLICIT_RETAIN_SELF = YES;
				CLANG_WARN_OBJC_LITERAL_CONVERSION = YES;
				CLANG_WARN_OBJC_ROOT_CLASS = YES_ERROR;
				CLANG_WARN_QUOTED_INCLUDE_IN_FRAMEWORK_HEADER = YES;
				CLANG_WARN_RANGE_LOOP_ANALYSIS = YES;
				CLANG_WARN_STRICT_PROTOTYPES = YES;
				CLANG_WARN_SUSPICIOUS_MOVE = YES;
				CLANG_WARN_UNGUARDED_AVAILABILITY = YES_AGGRESSIVE;
				CLANG_WARN_UNREACHABLE_CODE = YES;
				CLANG_WARN__DUPLICATE_METHOD_MATCH = YES;
				COPY_PHASE_STRIP = NO;
				DEBUG_INFORMATION_FORMAT = "dwarf-with-dsym";
				ENABLE_NS_ASSERTIONS = NO;
				ENABLE_STRICT_OBJC_MSGSEND = YES;
				GCC_C_LANGUAGE_STANDARD = gnu11;
				GCC_NO_COMMON_BLOCKS = YES;
				GCC_WARN_64_TO_32_BIT_CONVERSION = YES;
				GCC_WARN_ABOUT_RETURN_TYPE = YES_ERROR;
				GCC_WARN_UNDECLARED_SELECTOR = YES;
				GCC_WARN_UNINITIALIZED_AUTOS = YES_AGGRESSIVE;
				GCC_WARN_UNUSED_FUNCTION = YES;
				GCC_WARN_UNUSED_VARIABLE = YES;
				MACOSX_DEPLOYMENT_TARGET = 10.15;
				MTL_ENABLE_DEBUG_INFO = NO;
				MTL_FAST_MATH = YES;
				SDKROOT = macosx;
				SWIFT_COMPILATION_MODE = wholemodule;
				SWIFT_OPTIMIZATION_LEVEL = "-O";
			};
			name = Release;
		};
		699BEFE9252D473100598190 /* Debug */ = {
			isa = XCBuildConfiguration;
			buildSettings = {
				CODE_SIGN_ENTITLEMENTS = "XDM Browser Monitor Extension/XDM_Browser_Monitor_Extension.entitlements";
				CODE_SIGN_IDENTITY = "-";
				CODE_SIGN_STYLE = Automatic;
				INFOPLIST_FILE = "XDM Browser Monitor Extension/Info.plist";
				LD_RUNPATH_SEARCH_PATHS = (
					"$(inherited)",
					"@executable_path/../Frameworks",
					"@executable_path/../../../../Frameworks",
				);
				MACOSX_DEPLOYMENT_TARGET = 10.14;
				PRODUCT_BUNDLE_IDENTIFIER = "org.sperixlabs.XDM-Browser-Monitor-Extension";
				PRODUCT_NAME = "$(TARGET_NAME)";
				SKIP_INSTALL = YES;
				SWIFT_VERSION = 5.0;
			};
			name = Debug;
		};
		699BEFEA252D473100598190 /* Release */ = {
			isa = XCBuildConfiguration;
			buildSettings = {
				CODE_SIGN_ENTITLEMENTS = "XDM Browser Monitor Extension/XDM_Browser_Monitor_Extension.entitlements";
				CODE_SIGN_IDENTITY = "-";
				CODE_SIGN_STYLE = Automatic;
				INFOPLIST_FILE = "XDM Browser Monitor Extension/Info.plist";
				LD_RUNPATH_SEARCH_PATHS = (
					"$(inherited)",
					"@executable_path/../Frameworks",
					"@executable_path/../../../../Frameworks",
				);
				MACOSX_DEPLOYMENT_TARGET = 10.14;
				PRODUCT_BUNDLE_IDENTIFIER = "org.sperixlabs.XDM-Browser-Monitor-Extension";
				PRODUCT_NAME = "$(TARGET_NAME)";
				SKIP_INSTALL = YES;
				SWIFT_VERSION = 5.0;
			};
			name = Release;
		};
		699BEFED252D473100598190 /* Debug */ = {
			isa = XCBuildConfiguration;
			buildSettings = {
				ALWAYS_EMBED_SWIFT_STANDARD_LIBRARIES = YES;
				ASSETCATALOG_COMPILER_APPICON_NAME = AppIcon;
				ASSETCATALOG_COMPILER_GLOBAL_ACCENT_COLOR_NAME = AccentColor;
				CODE_SIGN_ENTITLEMENTS = "XDM Browser Monitor/XDM_Browser_Monitor.entitlements";
				CODE_SIGN_IDENTITY = "-";
				CODE_SIGN_STYLE = Automatic;
				COMBINE_HIDPI_IMAGES = YES;
				INFOPLIST_FILE = "XDM Browser Monitor/Info.plist";
				LD_RUNPATH_SEARCH_PATHS = (
					"$(inherited)",
					"@executable_path/../Frameworks",
				);
				MACOSX_DEPLOYMENT_TARGET = 10.14;
				PRODUCT_BUNDLE_IDENTIFIER = "org.sperixlabs.XDM-Browser-Monitor";
				PRODUCT_NAME = "$(TARGET_NAME)";
				SWIFT_VERSION = 5.0;
			};
			name = Debug;
		};
		699BEFEE252D473100598190 /* Release */ = {
			isa = XCBuildConfiguration;
			buildSettings = {
				ALWAYS_EMBED_SWIFT_STANDARD_LIBRARIES = YES;
				ASSETCATALOG_COMPILER_APPICON_NAME = AppIcon;
				ASSETCATALOG_COMPILER_GLOBAL_ACCENT_COLOR_NAME = AccentColor;
				CODE_SIGN_ENTITLEMENTS = "XDM Browser Monitor/XDM_Browser_Monitor.entitlements";
				CODE_SIGN_IDENTITY = "-";
				CODE_SIGN_STYLE = Automatic;
				COMBINE_HIDPI_IMAGES = YES;
				INFOPLIST_FILE = "XDM Browser Monitor/Info.plist";
				LD_RUNPATH_SEARCH_PATHS = (
					"$(inherited)",
					"@executable_path/../Frameworks",
				);
				MACOSX_DEPLOYMENT_TARGET = 10.14;
				PRODUCT_BUNDLE_IDENTIFIER = "org.sperixlabs.XDM-Browser-Monitor";
				PRODUCT_NAME = "$(TARGET_NAME)";
				SWIFT_VERSION = 5.0;
			};
			name = Release;
		};
/* End XCBuildConfiguration section */

/* Begin XCConfigurationList section */
		699BEFC3252D472F00598190 /* Build configuration list for PBXProject "XDM Browser Monitor" */ = {
			isa = XCConfigurationList;
			buildConfigurations = (
				699BEFE6252D473100598190 /* Debug */,
				699BEFE7252D473100598190 /* Release */,
			);
			defaultConfigurationIsVisible = 0;
			defaultConfigurationName = Release;
		};
		699BEFE8252D473100598190 /* Build configuration list for PBXNativeTarget "XDM Browser Monitor Extension" */ = {
			isa = XCConfigurationList;
			buildConfigurations = (
				699BEFE9252D473100598190 /* Debug */,
				699BEFEA252D473100598190 /* Release */,
			);
			defaultConfigurationIsVisible = 0;
			defaultConfigurationName = Release;
		};
		699BEFEC252D473100598190 /* Build configuration list for PBXNativeTarget "XDM Browser Monitor" */ = {
			isa = XCConfigurationList;
			buildConfigurations = (
				699BEFED252D473100598190 /* Debug */,
				699BEFEE252D473100598190 /* Release */,
			);
			defaultConfigurationIsVisible = 0;
			defaultConfigurationName = Release;
		};
/* End XCConfigurationList section */
	};
	rootObject = 699BEFC0252D472F00598190 /* Project object */;
}
